// !$*UTF8*$!
{
	archiveVersion = 1;
	classes = {
	};
	objectVersion = 56;
	objects = {

/* Begin PBXBuildFile section */
		A2EBC35F2B532FE000411220 /* Country_Flag_GameApp.swift in Sources */ = {isa = PBXBuildFile; fileRef = A2EBC35E2B532FE000411220 /* Country_Flag_GameApp.swift */; };
		A2EBC3612B532FE000411220 /* ContentView.swift in Sources */ = {isa = PBXBuildFile; fileRef = A2EBC3602B532FE000411220 /* ContentView.swift */; };
		A2EBC3632B532FE100411220 /* Assets.xcassets in Resources */ = {isa = PBXBuildFile; fileRef = A2EBC3622B532FE100411220 /* Assets.xcassets */; };
		A2EBC3662B532FE100411220 /* Preview Assets.xcassets in Resources */ = {isa = PBXBuildFile; fileRef = A2EBC3652B532FE100411220 /* Preview Assets.xcassets */; };
		A2EBC3702B53318D00411220 /* Question.swift in Sources */ = {isa = PBXBuildFile; fileRef = A2EBC36F2B53318D00411220 /* Question.swift */; };
		A2EBC3722B53330600411220 /* CustomButton.swift in Sources */ = {isa = PBXBuildFile; fileRef = A2EBC3712B53330600411220 /* CustomButton.swift */; };
		A2EBC3742B53350B00411220 /* ProgressBar.swift in Sources */ = {isa = PBXBuildFile; fileRef = A2EBC3732B53350B00411220 /* ProgressBar.swift */; };
		A2EBC3762B53364C00411220 /* AnswerRow.swift in Sources */ = {isa = PBXBuildFile; fileRef = A2EBC3752B53364C00411220 /* AnswerRow.swift */; };
		A2EBC3782B533ABD00411220 /* QuestionView.swift in Sources */ = {isa = PBXBuildFile; fileRef = A2EBC3772B533ABD00411220 /* QuestionView.swift */; };
		A2EBC37A2B533F4C00411220 /* Data.swift in Sources */ = {isa = PBXBuildFile; fileRef = A2EBC3792B533F4C00411220 /* Data.swift */; };
		A2EBC37C2B533FC500411220 /* GameManager.swift in Sources */ = {isa = PBXBuildFile; fileRef = A2EBC37B2B533FC500411220 /* GameManager.swift */; };
/* End PBXBuildFile section */

/* Begin PBXFileReference section */
		A2EBC35B2B532FE000411220 /* Country Flag Game.app */ = {isa = PBXFileReference; explicitFileType = wrapper.application; includeInIndex = 0; path = "Country Flag Game.app"; sourceTree = BUILT_PRODUCTS_DIR; };
		A2EBC35E2B532FE000411220 /* Country_Flag_GameApp.swift */ = {isa = PBXFileReference; lastKnownFileType = sourcecode.swift; path = Country_Flag_GameApp.swift; sourceTree = "<group>"; };
		A2EBC3602B532FE000411220 /* ContentView.swift */ = {isa = PBXFileReference; lastKnownFileType = sourcecode.swift; path = ContentView.swift; sourceTree = "<group>"; };
		A2EBC3622B532FE100411220 /* Assets.xcassets */ = {isa = PBXFileReference; lastKnownFileType = folder.assetcatalog; path = Assets.xcassets; sourceTree = "<group>"; };
		A2EBC3652B532FE100411220 /* Preview Assets.xcassets */ = {isa = PBXFileReference; lastKnownFileType = folder.assetcatalog; path = "Preview Assets.xcassets"; sourceTree = "<group>"; };
		A2EBC36F2B53318D00411220 /* Question.swift */ = {isa = PBXFileReference; lastKnownFileType = sourcecode.swift; path = Question.swift; sourceTree = "<group>"; };
		A2EBC3712B53330600411220 /* CustomButton.swift */ = {isa = PBXFileReference; lastKnownFileType = sourcecode.swift; path = CustomButton.swift; sourceTree = "<group>"; };
		A2EBC3732B53350B00411220 /* ProgressBar.swift */ = {isa = PBXFileReference; lastKnownFileType = sourcecode.swift; path = ProgressBar.swift; sourceTree = "<group>"; };
		A2EBC3752B53364C00411220 /* AnswerRow.swift */ = {isa = PBXFileReference; lastKnownFileType = sourcecode.swift; path = AnswerRow.swift; sourceTree = "<group>"; };
		A2EBC3772B533ABD00411220 /* QuestionView.swift */ = {isa = PBXFileReference; lastKnownFileType = sourcecode.swift; path = QuestionView.swift; sourceTree = "<group>"; };
		A2EBC3792B533F4C00411220 /* Data.swift */ = {isa = PBXFileReference; lastKnownFileType = sourcecode.swift; path = Data.swift; sourceTree = "<group>"; };
		A2EBC37B2B533FC500411220 /* GameManager.swift */ = {isa = PBXFileReference; lastKnownFileType = sourcecode.swift; path = GameManager.swift; sourceTree = "<group>"; };
/* End PBXFileReference section */

/* Begin PBXFrameworksBuildPhase section */
		A2EBC3582B532FE000411220 /* Frameworks */ = {
			isa = PBXFrameworksBuildPhase;
			buildActionMask = 2147483647;
			files = (
			);
			runOnlyForDeploymentPostprocessing = 0;
		};
/* End PBXFrameworksBuildPhase section */

/* Begin PBXGroup section */
		A2EBC3522B532FE000411220 = {
			isa = PBXGroup;
			children = (
				A2EBC35D2B532FE000411220 /* Country Flag Game */,
				A2EBC35C2B532FE000411220 /* Products */,
			);
			sourceTree = "<group>";
		};
		A2EBC35C2B532FE000411220 /* Products */ = {
			isa = PBXGroup;
			children = (
				A2EBC35B2B532FE000411220 /* Country Flag Game.app */,
			);
			name = Products;
			sourceTree = "<group>";
		};
		A2EBC35D2B532FE000411220 /* Country Flag Game */ = {
			isa = PBXGroup;
			children = (
				A2EBC35E2B532FE000411220 /* Country_Flag_GameApp.swift */,
				A2EBC36C2B5330AB00411220 /* Views */,
				A2EBC36D2B5330C200411220 /* Components */,
				A2EBC36E2B5330D200411220 /* Models */,
				A2EBC3622B532FE100411220 /* Assets.xcassets */,
				A2EBC3642B532FE100411220 /* Preview Content */,
			);
			path = "Country Flag Game";
			sourceTree = "<group>";
		};
		A2EBC3642B532FE100411220 /* Preview Content */ = {
			isa = PBXGroup;
			children = (
				A2EBC3652B532FE100411220 /* Preview Assets.xcassets */,
			);
			path = "Preview Content";
			sourceTree = "<group>";
		};
		A2EBC36C2B5330AB00411220 /* Views */ = {
			isa = PBXGroup;
			children = (
				A2EBC3602B532FE000411220 /* ContentView.swift */,
				A2EBC3772B533ABD00411220 /* QuestionView.swift */,
			);
			path = Views;
			sourceTree = "<group>";
		};
		A2EBC36D2B5330C200411220 /* Components */ = {
			isa = PBXGroup;
			children = (
				A2EBC3712B53330600411220 /* CustomButton.swift */,
				A2EBC3732B53350B00411220 /* ProgressBar.swift */,
				A2EBC3752B53364C00411220 /* AnswerRow.swift */,
			);
			path = Components;
			sourceTree = "<group>";
		};
		A2EBC36E2B5330D200411220 /* Models */ = {
			isa = PBXGroup;
			children = (
				A2EBC36F2B53318D00411220 /* Question.swift */,
				A2EBC3792B533F4C00411220 /* Data.swift */,
				A2EBC37B2B533FC500411220 /* GameManager.swift */,
			);
			path = Models;
			sourceTree = "<group>";
		};
/* End PBXGroup section */

/* Begin PBXNativeTarget section */
		A2EBC35A2B532FE000411220 /* Country Flag Game */ = {
			isa = PBXNativeTarget;
			buildConfigurationList = A2EBC3692B532FE100411220 /* Build configuration list for PBXNativeTarget "Country Flag Game" */;
			buildPhases = (
				A2EBC3572B532FE000411220 /* Sources */,
				A2EBC3582B532FE000411220 /* Frameworks */,
				A2EBC3592B532FE000411220 /* Resources */,
			);
			buildRules = (
			);
			dependencies = (
			);
			name = "Country Flag Game";
			productName = "Country Flag Game";
			productReference = A2EBC35B2B532FE000411220 /* Country Flag Game.app */;
			productType = "com.apple.product-type.application";
		};
/* End PBXNativeTarget section */

/* Begin PBXProject section */
		A2EBC3532B532FE000411220 /* Project object */ = {
			isa = PBXProject;
			attributes = {
				BuildIndependentTargetsInParallel = 1;
				LastSwiftUpdateCheck = 1520;
				LastUpgradeCheck = 1520;
				TargetAttributes = {
					A2EBC35A2B532FE000411220 = {
						CreatedOnToolsVersion = 15.2;
					};
				};
			};
			buildConfigurationList = A2EBC3562B532FE000411220 /* Build configuration list for PBXProject "Country Flag Game" */;
			compatibilityVersion = "Xcode 14.0";
			developmentRegion = en;
			hasScannedForEncodings = 0;
			knownRegions = (
				en,
				Base,
			);
			mainGroup = A2EBC3522B532FE000411220;
			productRefGroup = A2EBC35C2B532FE000411220 /* Products */;
			projectDirPath = "";
			projectRoot = "";
			targets = (
				A2EBC35A2B532FE000411220 /* Country Flag Game */,
			);
		};
/* End PBXProject section */

/* Begin PBXResourcesBuildPhase section */
		A2EBC3592B532FE000411220 /* Resources */ = {
			isa = PBXResourcesBuildPhase;
			buildActionMask = 2147483647;
			files = (
				A2EBC3662B532FE100411220 /* Preview Assets.xcassets in Resources */,
				A2EBC3632B532FE100411220 /* Assets.xcassets in Resources */,
			);
			runOnlyForDeploymentPostprocessing = 0;
		};
/* End PBXResourcesBuildPhase section */

/* Begin PBXSourcesBuildPhase section */
		A2EBC3572B532FE000411220 /* Sources */ = {
			isa = PBXSourcesBuildPhase;
			buildActionMask = 2147483647;
			files = (
				A2EBC3722B53330600411220 /* CustomButton.swift in Sources */,
				A2EBC37C2B533FC500411220 /* GameManager.swift in Sources */,
				A2EBC3702B53318D00411220 /* Question.swift in Sources */,
				A2EBC3612B532FE000411220 /* ContentView.swift in Sources */,
				A2EBC3782B533ABD00411220 /* QuestionView.swift in Sources */,
				A2EBC3742B53350B00411220 /* ProgressBar.swift in Sources */,
				A2EBC3762B53364C00411220 /* AnswerRow.swift in Sources */,
				A2EBC35F2B532FE000411220 /* Country_Flag_GameApp.swift in Sources */,
				A2EBC37A2B533F4C00411220 /* Data.swift in Sources */,
			);
			runOnlyForDeploymentPostprocessing = 0;
		};
/* End PBXSourcesBuildPhase section */

/* Begin XCBuildConfiguration section */
		A2EBC3672B532FE100411220 /* Debug */ = {
			isa = XCBuildConfiguration;
			buildSettings = {
				ALWAYS_SEARCH_USER_PATHS = NO;
				ASSETCATALOG_COMPILER_GENERATE_SWIFT_ASSET_SYMBOL_EXTENSIONS = YES;
				CLANG_ANALYZER_NONNULL = YES;
				CLANG_ANALYZER_NUMBER_OBJECT_CONVERSION = YES_AGGRESSIVE;
				CLANG_CXX_LANGUAGE_STANDARD = "gnu++20";
				CLANG_ENABLE_MODULES = YES;
				CLANG_ENABLE_OBJC_ARC = YES;
				CLANG_ENABLE_OBJC_WEAK = YES;
				CLANG_WARN_BLOCK_CAPTURE_AUTORELEASING = YES;
				CLANG_WARN_BOOL_CONVERSION = YES;
				CLANG_WARN_COMMA = YES;
				CLANG_WARN_CONSTANT_CONVERSION = YES;
				CLANG_WARN_DEPRECATED_OBJC_IMPLEMENTATIONS = YES;
				CLANG_WARN_DIRECT_OBJC_ISA_USAGE = YES_ERROR;
				CLANG_WARN_DOCUMENTATION_COMMENTS = YES;
				CLANG_WARN_EMPTY_BODY = YES;
				CLANG_WARN_ENUM_CONVERSION = YES;
				CLANG_WARN_INFINITE_RECURSION = YES;
				CLANG_WARN_INT_CONVERSION = YES;
				CLANG_WARN_NON_LITERAL_NULL_CONVERSION = YES;
				CLANG_WARN_OBJC_IMPLICIT_RETAIN_SELF = YES;
				CLANG_WARN_OBJC_LITERAL_CONVERSION = YES;
				CLANG_WARN_OBJC_ROOT_CLASS = YES_ERROR;
				CLANG_WARN_QUOTED_INCLUDE_IN_FRAMEWORK_HEADER = YES;
				CLANG_WARN_RANGE_LOOP_ANALYSIS = YES;
				CLANG_WARN_STRICT_PROTOTYPES = YES;
				CLANG_WARN_SUSPICIOUS_MOVE = YES;
				CLANG_WARN_UNGUARDED_AVAILABILITY = YES_AGGRESSIVE;
				CLANG_WARN_UNREACHABLE_CODE = YES;
				CLANG_WARN__DUPLICATE_METHOD_MATCH = YES;
				COPY_PHASE_STRIP = NO;
				DEBUG_INFORMATION_FORMAT = dwarf;
				ENABLE_STRICT_OBJC_MSGSEND = YES;
				ENABLE_TESTABILITY = YES;
				ENABLE_USER_SCRIPT_SANDBOXING = YES;
				GCC_C_LANGUAGE_STANDARD = gnu17;
				GCC_DYNAMIC_NO_PIC = NO;
				GCC_NO_COMMON_BLOCKS = YES;
				GCC_OPTIMIZATION_LEVEL = 0;
				GCC_PREPROCESSOR_DEFINITIONS = (
					"DEBUG=1",
					"$(inherited)",
				);
				GCC_WARN_64_TO_32_BIT_CONVERSION = YES;
				GCC_WARN_ABOUT_RETURN_TYPE = YES_ERROR;
				GCC_WARN_UNDECLARED_SELECTOR = YES;
				GCC_WARN_UNINITIALIZED_AUTOS = YES_AGGRESSIVE;
				GCC_WARN_UNUSED_FUNCTION = YES;
				GCC_WARN_UNUSED_VARIABLE = YES;
				IPHONEOS_DEPLOYMENT_TARGET = 17.2;
				LOCALIZATION_PREFERS_STRING_CATALOGS = YES;
				MTL_ENABLE_DEBUG_INFO = INCLUDE_SOURCE;
				MTL_FAST_MATH = YES;
				ONLY_ACTIVE_ARCH = YES;
				SDKROOT = iphoneos;
				SWIFT_ACTIVE_COMPILATION_CONDITIONS = "DEBUG $(inherited)";
				SWIFT_OPTIMIZATION_LEVEL = "-Onone";
			};
			name = Debug;
		};
		A2EBC3682B532FE100411220 /* Release */ = {
			isa = XCBuildConfiguration;
			buildSettings = {
				ALWAYS_SEARCH_USER_PATHS = NO;
				ASSETCATALOG_COMPILER_GENERATE_SWIFT_ASSET_SYMBOL_EXTENSIONS = YES;
				CLANG_ANALYZER_NONNULL = YES;
				CLANG_ANALYZER_NUMBER_OBJECT_CONVERSION = YES_AGGRESSIVE;
				CLANG_CXX_LANGUAGE_STANDARD = "gnu++20";
				CLANG_ENABLE_MODULES = YES;
				CLANG_ENABLE_OBJC_ARC = YES;
				CLANG_ENABLE_OBJC_WEAK = YES;
				CLANG_WARN_BLOCK_CAPTURE_AUTORELEASING = YES;
				CLANG_WARN_BOOL_CONVERSION = YES;
				CLANG_WARN_COMMA = YES;
				CLANG_WARN_CONSTANT_CONVERSION = YES;
				CLANG_WARN_DEPRECATED_OBJC_IMPLEMENTATIONS = YES;
				CLANG_WARN_DIRECT_OBJC_ISA_USAGE = YES_ERROR;
				CLANG_WARN_DOCUMENTATION_COMMENTS = YES;
				CLANG_WARN_EMPTY_BODY = YES;
				CLANG_WARN_ENUM_CONVERSION = YES;
				CLANG_WARN_INFINITE_RECURSION = YES;
				CLANG_WARN_INT_CONVERSION = YES;
				CLANG_WARN_NON_LITERAL_NULL_CONVERSION = YES;
				CLANG_WARN_OBJC_IMPLICIT_RETAIN_SELF = YES;
				CLANG_WARN_OBJC_LITERAL_CONVERSION = YES;
				CLANG_WARN_OBJC_ROOT_CLASS = YES_ERROR;
				CLANG_WARN_QUOTED_INCLUDE_IN_FRAMEWORK_HEADER = YES;
				CLANG_WARN_RANGE_LOOP_ANALYSIS = YES;
				CLANG_WARN_STRICT_PROTOTYPES = YES;
				CLANG_WARN_SUSPICIOUS_MOVE = YES;
				CLANG_WARN_UNGUARDED_AVAILABILITY = YES_AGGRESSIVE;
				CLANG_WARN_UNREACHABLE_CODE = YES;
				CLANG_WARN__DUPLICATE_METHOD_MATCH = YES;
				COPY_PHASE_STRIP = NO;
				DEBUG_INFORMATION_FORMAT = "dwarf-with-dsym";
				ENABLE_NS_ASSERTIONS = NO;
				ENABLE_STRICT_OBJC_MSGSEND = YES;
				ENABLE_USER_SCRIPT_SANDBOXING = YES;
				GCC_C_LANGUAGE_STANDARD = gnu17;
				GCC_NO_COMMON_BLOCKS = YES;
				GCC_WARN_64_TO_32_BIT_CONVERSION = YES;
				GCC_WARN_ABOUT_RETURN_TYPE = YES_ERROR;
				GCC_WARN_UNDECLARED_SELECTOR = YES;
				GCC_WARN_UNINITIALIZED_AUTOS = YES_AGGRESSIVE;
				GCC_WARN_UNUSED_FUNCTION = YES;
				GCC_WARN_UNUSED_VARIABLE = YES;
				IPHONEOS_DEPLOYMENT_TARGET = 17.2;
				LOCALIZATION_PREFERS_STRING_CATALOGS = YES;
				MTL_ENABLE_DEBUG_INFO = NO;
				MTL_FAST_MATH = YES;
				SDKROOT = iphoneos;
				SWIFT_COMPILATION_MODE = wholemodule;
				VALIDATE_PRODUCT = YES;
			};
			name = Release;
		};
		A2EBC36A2B532FE100411220 /* Debug */ = {
			isa = XCBuildConfiguration;
			buildSettings = {
				ASSETCATALOG_COMPILER_APPICON_NAME = AppIcon;
				ASSETCATALOG_COMPILER_GLOBAL_ACCENT_COLOR_NAME = AccentColor;
				CODE_SIGN_STYLE = Automatic;
				CURRENT_PROJECT_VERSION = 1;
				DEVELOPMENT_ASSET_PATHS = "\"Country Flag Game/Preview Content\"";
				DEVELOPMENT_TEAM = BWWRUGX9KF;
				ENABLE_PREVIEWS = YES;
				GENERATE_INFOPLIST_FILE = YES;
				INFOPLIST_KEY_UIApplicationSceneManifest_Generation = YES;
				INFOPLIST_KEY_UIApplicationSupportsIndirectInputEvents = YES;
				INFOPLIST_KEY_UILaunchScreen_Generation = YES;
				INFOPLIST_KEY_UISupportedInterfaceOrientations_iPad = "UIInterfaceOrientationPortrait UIInterfaceOrientationPortraitUpsideDown UIInterfaceOrientationLandscapeLeft UIInterfaceOrientationLandscapeRight";
				INFOPLIST_KEY_UISupportedInterfaceOrientations_iPhone = "UIInterfaceOrientationPortrait UIInterfaceOrientationLandscapeLeft UIInterfaceOrientationLandscapeRight";
				LD_RUNPATH_SEARCH_PATHS = (
					"$(inherited)",
					"@executable_path/Frameworks",
				);
				MARKETING_VERSION = 1.0;
				PRODUCT_BUNDLE_IDENTIFIER = "com.ZephyrTechnology.Country-Flag-Game";
				PRODUCT_NAME = "$(TARGET_NAME)";
				SWIFT_EMIT_LOC_STRINGS = YES;
				SWIFT_VERSION = 5.0;
				TARGETED_DEVICE_FAMILY = "1,2";
			};
			name = Debug;
		};
		A2EBC36B2B532FE100411220 /* Release */ = {
			isa = XCBuildConfiguration;
			buildSettings = {
				ASSETCATALOG_COMPILER_APPICON_NAME = AppIcon;
				ASSETCATALOG_COMPILER_GLOBAL_ACCENT_COLOR_NAME = AccentColor;
				CODE_SIGN_STYLE = Automatic;
				CURRENT_PROJECT_VERSION = 1;
				DEVELOPMENT_ASSET_PATHS = "\"Country Flag Game/Preview Content\"";
				DEVELOPMENT_TEAM = BWWRUGX9KF;
				ENABLE_PREVIEWS = YES;
				GENERATE_INFOPLIST_FILE = YES;
				INFOPLIST_KEY_UIApplicationSceneManifest_Generation = YES;
				INFOPLIST_KEY_UIApplicationSupportsIndirectInputEvents = YES;
				INFOPLIST_KEY_UILaunchScreen_Generation = YES;
				INFOPLIST_KEY_UISupportedInterfaceOrientations_iPad = "UIInterfaceOrientationPortrait UIInterfaceOrientationPortraitUpsideDown UIInterfaceOrientationLandscapeLeft UIInterfaceOrientationLandscapeRight";
				INFOPLIST_KEY_UISupportedInterfaceOrientations_iPhone = "UIInterfaceOrientationPortrait UIInterfaceOrientationLandscapeLeft UIInterfaceOrientationLandscapeRight";
				LD_RUNPATH_SEARCH_PATHS = (
					"$(inherited)",
					"@executable_path/Frameworks",
				);
				MARKETING_VERSION = 1.0;
				PRODUCT_BUNDLE_IDENTIFIER = "com.ZephyrTechnology.Country-Flag-Game";
				PRODUCT_NAME = "$(TARGET_NAME)";
				SWIFT_EMIT_LOC_STRINGS = YES;
				SWIFT_VERSION = 5.0;
				TARGETED_DEVICE_FAMILY = "1,2";
			};
			name = Release;
		};
/* End XCBuildConfiguration section */

/* Begin XCConfigurationList section */
		A2EBC3562B532FE000411220 /* Build configuration list for PBXProject "Country Flag Game" */ = {
			isa = XCConfigurationList;
			buildConfigurations = (
				A2EBC3672B532FE100411220 /* Debug */,
				A2EBC3682B532FE100411220 /* Release */,
			);
			defaultConfigurationIsVisible = 0;
			defaultConfigurationName = Release;
		};
		A2EBC3692B532FE100411220 /* Build configuration list for PBXNativeTarget "Country Flag Game" */ = {
			isa = XCConfigurationList;
			buildConfigurations = (
				A2EBC36A2B532FE100411220 /* Debug */,
				A2EBC36B2B532FE100411220 /* Release */,
			);
			defaultConfigurationIsVisible = 0;
			defaultConfigurationName = Release;
		};
/* End XCConfigurationList section */
	};
	rootObject = A2EBC3532B532FE000411220 /* Project object */;
}
