// !$*UTF8*$!
{
	archiveVersion = 1;
	classes = {
	};
	objectVersion = 56;
	objects = {

/* Begin PBXBuildFile section */
		A278E6AA29778282005C25C5 /* Country_Flag_GameApp.swift in Sources */ = {isa = PBXBuildFile; fileRef = A278E6A929778282005C25C5 /* Country_Flag_GameApp.swift */; };
		A278E6AC29778282005C25C5 /* ContentView.swift in Sources */ = {isa = PBXBuildFile; fileRef = A278E6AB29778282005C25C5 /* ContentView.swift */; };
		A278E6AE29778283005C25C5 /* Assets.xcassets in Resources */ = {isa = PBXBuildFile; fileRef = A278E6AD29778283005C25C5 /* Assets.xcassets */; };
		A278E6B129778283005C25C5 /* Preview Assets.xcassets in Resources */ = {isa = PBXBuildFile; fileRef = A278E6B029778283005C25C5 /* Preview Assets.xcassets */; };
		A278E6BB29778384005C25C5 /* Question.swift in Sources */ = {isa = PBXBuildFile; fileRef = A278E6BA29778384005C25C5 /* Question.swift */; };
		A278E6BD29778429005C25C5 /* CustomButton.swift in Sources */ = {isa = PBXBuildFile; fileRef = A278E6BC29778429005C25C5 /* CustomButton.swift */; };
		A278E6BF297784E9005C25C5 /* ProgressBar.swift in Sources */ = {isa = PBXBuildFile; fileRef = A278E6BE297784E9005C25C5 /* ProgressBar.swift */; };
		A278E6C1297785B4005C25C5 /* AnswerRow.swift in Sources */ = {isa = PBXBuildFile; fileRef = A278E6C0297785B4005C25C5 /* AnswerRow.swift */; };
		A278E6C3297788FF005C25C5 /* QuestionView.swift in Sources */ = {isa = PBXBuildFile; fileRef = A278E6C2297788FF005C25C5 /* QuestionView.swift */; };
/* End PBXBuildFile section */

/* Begin PBXFileReference section */
		A278E6A629778282005C25C5 /* Country Flag Game.app */ = {isa = PBXFileReference; explicitFileType = wrapper.application; includeInIndex = 0; path = "Country Flag Game.app"; sourceTree = BUILT_PRODUCTS_DIR; };
		A278E6A929778282005C25C5 /* Country_Flag_GameApp.swift */ = {isa = PBXFileReference; lastKnownFileType = sourcecode.swift; path = Country_Flag_GameApp.swift; sourceTree = "<group>"; };
		A278E6AB29778282005C25C5 /* ContentView.swift */ = {isa = PBXFileReference; lastKnownFileType = sourcecode.swift; path = ContentView.swift; sourceTree = "<group>"; };
		A278E6AD29778283005C25C5 /* Assets.xcassets */ = {isa = PBXFileReference; lastKnownFileType = folder.assetcatalog; path = Assets.xcassets; sourceTree = "<group>"; };
		A278E6B029778283005C25C5 /* Preview Assets.xcassets */ = {isa = PBXFileReference; lastKnownFileType = folder.assetcatalog; path = "Preview Assets.xcassets"; sourceTree = "<group>"; };
		A278E6BA29778384005C25C5 /* Question.swift */ = {isa = PBXFileReference; lastKnownFileType = sourcecode.swift; path = Question.swift; sourceTree = "<group>"; };
		A278E6BC29778429005C25C5 /* CustomButton.swift */ = {isa = PBXFileReference; lastKnownFileType = sourcecode.swift; path = CustomButton.swift; sourceTree = "<group>"; };
		A278E6BE297784E9005C25C5 /* ProgressBar.swift */ = {isa = PBXFileReference; lastKnownFileType = sourcecode.swift; path = ProgressBar.swift; sourceTree = "<group>"; };
		A278E6C0297785B4005C25C5 /* AnswerRow.swift */ = {isa = PBXFileReference; lastKnownFileType = sourcecode.swift; path = AnswerRow.swift; sourceTree = "<group>"; };
		A278E6C2297788FF005C25C5 /* QuestionView.swift */ = {isa = PBXFileReference; lastKnownFileType = sourcecode.swift; path = QuestionView.swift; sourceTree = "<group>"; };
/* End PBXFileReference section */

/* Begin PBXFrameworksBuildPhase section */
		A278E6A329778282005C25C5 /* Frameworks */ = {
			isa = PBXFrameworksBuildPhase;
			buildActionMask = 2147483647;
			files = (
			);
			runOnlyForDeploymentPostprocessing = 0;
		};
/* End PBXFrameworksBuildPhase section */

/* Begin PBXGroup section */
		A278E69D29778282005C25C5 = {
			isa = PBXGroup;
			children = (
				A278E6A829778282005C25C5 /* Country Flag Game */,
				A278E6A729778282005C25C5 /* Products */,
			);
			sourceTree = "<group>";
		};
		A278E6A729778282005C25C5 /* Products */ = {
			isa = PBXGroup;
			children = (
				A278E6A629778282005C25C5 /* Country Flag Game.app */,
			);
			name = Products;
			sourceTree = "<group>";
		};
		A278E6A829778282005C25C5 /* Country Flag Game */ = {
			isa = PBXGroup;
			children = (
				A278E6A929778282005C25C5 /* Country_Flag_GameApp.swift */,
				A278E6B7297782F6005C25C5 /* Views */,
				A278E6B82977830D005C25C5 /* Components */,
				A278E6B929778320005C25C5 /* Models */,
				A278E6AD29778283005C25C5 /* Assets.xcassets */,
				A278E6AF29778283005C25C5 /* Preview Content */,
			);
			path = "Country Flag Game";
			sourceTree = "<group>";
		};
		A278E6AF29778283005C25C5 /* Preview Content */ = {
			isa = PBXGroup;
			children = (
				A278E6B029778283005C25C5 /* Preview Assets.xcassets */,
			);
			path = "Preview Content";
			sourceTree = "<group>";
		};
		A278E6B7297782F6005C25C5 /* Views */ = {
			isa = PBXGroup;
			children = (
				A278E6AB29778282005C25C5 /* ContentView.swift */,
				A278E6C2297788FF005C25C5 /* QuestionView.swift */,
			);
			path = Views;
			sourceTree = "<group>";
		};
		A278E6B82977830D005C25C5 /* Components */ = {
			isa = PBXGroup;
			children = (
				A278E6BC29778429005C25C5 /* CustomButton.swift */,
				A278E6BE297784E9005C25C5 /* ProgressBar.swift */,
				A278E6C0297785B4005C25C5 /* AnswerRow.swift */,
			);
			path = Components;
			sourceTree = "<group>";
		};
		A278E6B929778320005C25C5 /* Models */ = {
			isa = PBXGroup;
			children = (
				A278E6BA29778384005C25C5 /* Question.swift */,
			);
			path = Models;
			sourceTree = "<group>";
		};
/* End PBXGroup section */

/* Begin PBXNativeTarget section */
		A278E6A529778282005C25C5 /* Country Flag Game */ = {
			isa = PBXNativeTarget;
			buildConfigurationList = A278E6B429778283005C25C5 /* Build configuration list for PBXNativeTarget "Country Flag Game" */;
			buildPhases = (
				A278E6A229778282005C25C5 /* Sources */,
				A278E6A329778282005C25C5 /* Frameworks */,
				A278E6A429778282005C25C5 /* Resources */,
			);
			buildRules = (
			);
			dependencies = (
			);
			name = "Country Flag Game";
			productName = "Country Flag Game";
			productReference = A278E6A629778282005C25C5 /* Country Flag Game.app */;
			productType = "com.apple.product-type.application";
		};
/* End PBXNativeTarget section */

/* Begin PBXProject section */
		A278E69E29778282005C25C5 /* Project object */ = {
			isa = PBXProject;
			attributes = {
				BuildIndependentTargetsInParallel = 1;
				LastSwiftUpdateCheck = 1420;
				LastUpgradeCheck = 1420;
				TargetAttributes = {
					A278E6A529778282005C25C5 = {
						CreatedOnToolsVersion = 14.2;
					};
				};
			};
			buildConfigurationList = A278E6A129778282005C25C5 /* Build configuration list for PBXProject "Country Flag Game" */;
			compatibilityVersion = "Xcode 14.0";
			developmentRegion = en;
			hasScannedForEncodings = 0;
			knownRegions = (
				en,
				Base,
			);
			mainGroup = A278E69D29778282005C25C5;
			productRefGroup = A278E6A729778282005C25C5 /* Products */;
			projectDirPath = "";
			projectRoot = "";
			targets = (
				A278E6A529778282005C25C5 /* Country Flag Game */,
			);
		};
/* End PBXProject section */

/* Begin PBXResourcesBuildPhase section */
		A278E6A429778282005C25C5 /* Resources */ = {
			isa = PBXResourcesBuildPhase;
			buildActionMask = 2147483647;
			files = (
				A278E6B129778283005C25C5 /* Preview Assets.xcassets in Resources */,
				A278E6AE29778283005C25C5 /* Assets.xcassets in Resources */,
			);
			runOnlyForDeploymentPostprocessing = 0;
		};
/* End PBXResourcesBuildPhase section */

/* Begin PBXSourcesBuildPhase section */
		A278E6A229778282005C25C5 /* Sources */ = {
			isa = PBXSourcesBuildPhase;
			buildActionMask = 2147483647;
			files = (
				A278E6BD29778429005C25C5 /* CustomButton.swift in Sources */,
				A278E6BB29778384005C25C5 /* Question.swift in Sources */,
				A278E6AC29778282005C25C5 /* ContentView.swift in Sources */,
				A278E6C3297788FF005C25C5 /* QuestionView.swift in Sources */,
				A278E6BF297784E9005C25C5 /* ProgressBar.swift in Sources */,
				A278E6C1297785B4005C25C5 /* AnswerRow.swift in Sources */,
				A278E6AA29778282005C25C5 /* Country_Flag_GameApp.swift in Sources */,
			);
			runOnlyForDeploymentPostprocessing = 0;
		};
/* End PBXSourcesBuildPhase section */

/* Begin XCBuildConfiguration section */
		A278E6B229778283005C25C5 /* Debug */ = {
			isa = XCBuildConfiguration;
			buildSettings = {
				ALWAYS_SEARCH_USER_PATHS = NO;
				CLANG_ANALYZER_NONNULL = YES;
				CLANG_ANALYZER_NUMBER_OBJECT_CONVERSION = YES_AGGRESSIVE;
				CLANG_CXX_LANGUAGE_STANDARD = "gnu++20";
				CLANG_ENABLE_MODULES = YES;
				CLANG_ENABLE_OBJC_ARC = YES;
				CLANG_ENABLE_OBJC_WEAK = YES;
				CLANG_WARN_BLOCK_CAPTURE_AUTORELEASING = YES;
				CLANG_WARN_BOOL_CONVERSION = YES;
				CLANG_WARN_COMMA = YES;
				CLANG_WARN_CONSTANT_CONVERSION = YES;
				CLANG_WARN_DEPRECATED_OBJC_IMPLEMENTATIONS = YES;
				CLANG_WARN_DIRECT_OBJC_ISA_USAGE = YES_ERROR;
				CLANG_WARN_DOCUMENTATION_COMMENTS = YES;
				CLANG_WARN_EMPTY_BODY = YES;
				CLANG_WARN_ENUM_CONVERSION = YES;
				CLANG_WARN_INFINITE_RECURSION = YES;
				CLANG_WARN_INT_CONVERSION = YES;
				CLANG_WARN_NON_LITERAL_NULL_CONVERSION = YES;
				CLANG_WARN_OBJC_IMPLICIT_RETAIN_SELF = YES;
				CLANG_WARN_OBJC_LITERAL_CONVERSION = YES;
				CLANG_WARN_OBJC_ROOT_CLASS = YES_ERROR;
				CLANG_WARN_QUOTED_INCLUDE_IN_FRAMEWORK_HEADER = YES;
				CLANG_WARN_RANGE_LOOP_ANALYSIS = YES;
				CLANG_WARN_STRICT_PROTOTYPES = YES;
				CLANG_WARN_SUSPICIOUS_MOVE = YES;
				CLANG_WARN_UNGUARDED_AVAILABILITY = YES_AGGRESSIVE;
				CLANG_WARN_UNREACHABLE_CODE = YES;
				CLANG_WARN__DUPLICATE_METHOD_MATCH = YES;
				COPY_PHASE_STRIP = NO;
				DEBUG_INFORMATION_FORMAT = dwarf;
				ENABLE_STRICT_OBJC_MSGSEND = YES;
				ENABLE_TESTABILITY = YES;
				GCC_C_LANGUAGE_STANDARD = gnu11;
				GCC_DYNAMIC_NO_PIC = NO;
				GCC_NO_COMMON_BLOCKS = YES;
				GCC_OPTIMIZATION_LEVEL = 0;
				GCC_PREPROCESSOR_DEFINITIONS = (
					"DEBUG=1",
					"$(inherited)",
				);
				GCC_WARN_64_TO_32_BIT_CONVERSION = YES;
				GCC_WARN_ABOUT_RETURN_TYPE = YES_ERROR;
				GCC_WARN_UNDECLARED_SELECTOR = YES;
				GCC_WARN_UNINITIALIZED_AUTOS = YES_AGGRESSIVE;
				GCC_WARN_UNUSED_FUNCTION = YES;
				GCC_WARN_UNUSED_VARIABLE = YES;
				IPHONEOS_DEPLOYMENT_TARGET = 16.2;
				MTL_ENABLE_DEBUG_INFO = INCLUDE_SOURCE;
				MTL_FAST_MATH = YES;
				ONLY_ACTIVE_ARCH = YES;
				SDKROOT = iphoneos;
				SWIFT_ACTIVE_COMPILATION_CONDITIONS = DEBUG;
				SWIFT_OPTIMIZATION_LEVEL = "-Onone";
			};
			name = Debug;
		};
		A278E6B329778283005C25C5 /* Release */ = {
			isa = XCBuildConfiguration;
			buildSettings = {
				ALWAYS_SEARCH_USER_PATHS = NO;
				CLANG_ANALYZER_NONNULL = YES;
				CLANG_ANALYZER_NUMBER_OBJECT_CONVERSION = YES_AGGRESSIVE;
				CLANG_CXX_LANGUAGE_STANDARD = "gnu++20";
				CLANG_ENABLE_MODULES = YES;
				CLANG_ENABLE_OBJC_ARC = YES;
				CLANG_ENABLE_OBJC_WEAK = YES;
				CLANG_WARN_BLOCK_CAPTURE_AUTORELEASING = YES;
				CLANG_WARN_BOOL_CONVERSION = YES;
				CLANG_WARN_COMMA = YES;
				CLANG_WARN_CONSTANT_CONVERSION = YES;
				CLANG_WARN_DEPRECATED_OBJC_IMPLEMENTATIONS = YES;
				CLANG_WARN_DIRECT_OBJC_ISA_USAGE = YES_ERROR;
				CLANG_WARN_DOCUMENTATION_COMMENTS = YES;
				CLANG_WARN_EMPTY_BODY = YES;
				CLANG_WARN_ENUM_CONVERSION = YES;
				CLANG_WARN_INFINITE_RECURSION = YES;
				CLANG_WARN_INT_CONVERSION = YES;
				CLANG_WARN_NON_LITERAL_NULL_CONVERSION = YES;
				CLANG_WARN_OBJC_IMPLICIT_RETAIN_SELF = YES;
				CLANG_WARN_OBJC_LITERAL_CONVERSION = YES;
				CLANG_WARN_OBJC_ROOT_CLASS = YES_ERROR;
				CLANG_WARN_QUOTED_INCLUDE_IN_FRAMEWORK_HEADER = YES;
				CLANG_WARN_RANGE_LOOP_ANALYSIS = YES;
				CLANG_WARN_STRICT_PROTOTYPES = YES;
				CLANG_WARN_SUSPICIOUS_MOVE = YES;
				CLANG_WARN_UNGUARDED_AVAILABILITY = YES_AGGRESSIVE;
				CLANG_WARN_UNREACHABLE_CODE = YES;
				CLANG_WARN__DUPLICATE_METHOD_MATCH = YES;
				COPY_PHASE_STRIP = NO;
				DEBUG_INFORMATION_FORMAT = "dwarf-with-dsym";
				ENABLE_NS_ASSERTIONS = NO;
				ENABLE_STRICT_OBJC_MSGSEND = YES;
				GCC_C_LANGUAGE_STANDARD = gnu11;
				GCC_NO_COMMON_BLOCKS = YES;
				GCC_WARN_64_TO_32_BIT_CONVERSION = YES;
				GCC_WARN_ABOUT_RETURN_TYPE = YES_ERROR;
				GCC_WARN_UNDECLARED_SELECTOR = YES;
				GCC_WARN_UNINITIALIZED_AUTOS = YES_AGGRESSIVE;
				GCC_WARN_UNUSED_FUNCTION = YES;
				GCC_WARN_UNUSED_VARIABLE = YES;
				IPHONEOS_DEPLOYMENT_TARGET = 16.2;
				MTL_ENABLE_DEBUG_INFO = NO;
				MTL_FAST_MATH = YES;
				SDKROOT = iphoneos;
				SWIFT_COMPILATION_MODE = wholemodule;
				SWIFT_OPTIMIZATION_LEVEL = "-O";
				VALIDATE_PRODUCT = YES;
			};
			name = Release;
		};
		A278E6B529778283005C25C5 /* Debug */ = {
			isa = XCBuildConfiguration;
			buildSettings = {
				ASSETCATALOG_COMPILER_APPICON_NAME = AppIcon;
				ASSETCATALOG_COMPILER_GLOBAL_ACCENT_COLOR_NAME = AccentColor;
				CODE_SIGN_STYLE = Automatic;
				CURRENT_PROJECT_VERSION = 1;
				DEVELOPMENT_ASSET_PATHS = "\"Country Flag Game/Preview Content\"";
				DEVELOPMENT_TEAM = BWWRUGX9KF;
				ENABLE_PREVIEWS = YES;
				GENERATE_INFOPLIST_FILE = YES;
				INFOPLIST_KEY_UIApplicationSceneManifest_Generation = YES;
				INFOPLIST_KEY_UIApplicationSupportsIndirectInputEvents = YES;
				INFOPLIST_KEY_UILaunchScreen_Generation = YES;
				INFOPLIST_KEY_UISupportedInterfaceOrientations_iPad = "UIInterfaceOrientationPortrait UIInterfaceOrientationPortraitUpsideDown UIInterfaceOrientationLandscapeLeft UIInterfaceOrientationLandscapeRight";
				INFOPLIST_KEY_UISupportedInterfaceOrientations_iPhone = "UIInterfaceOrientationPortrait UIInterfaceOrientationLandscapeLeft UIInterfaceOrientationLandscapeRight";
				LD_RUNPATH_SEARCH_PATHS = (
					"$(inherited)",
					"@executable_path/Frameworks",
				);
				MARKETING_VERSION = 1.0;
				PRODUCT_BUNDLE_IDENTIFIER = "com.ZephyrTechnology.Country-Flag-Game";
				PRODUCT_NAME = "$(TARGET_NAME)";
				SWIFT_EMIT_LOC_STRINGS = YES;
				SWIFT_VERSION = 5.0;
				TARGETED_DEVICE_FAMILY = "1,2";
			};
			name = Debug;
		};
		A278E6B629778283005C25C5 /* Release */ = {
			isa = XCBuildConfiguration;
			buildSettings = {
				ASSETCATALOG_COMPILER_APPICON_NAME = AppIcon;
				ASSETCATALOG_COMPILER_GLOBAL_ACCENT_COLOR_NAME = AccentColor;
				CODE_SIGN_STYLE = Automatic;
				CURRENT_PROJECT_VERSION = 1;
				DEVELOPMENT_ASSET_PATHS = "\"Country Flag Game/Preview Content\"";
				DEVELOPMENT_TEAM = BWWRUGX9KF;
				ENABLE_PREVIEWS = YES;
				GENERATE_INFOPLIST_FILE = YES;
				INFOPLIST_KEY_UIApplicationSceneManifest_Generation = YES;
				INFOPLIST_KEY_UIApplicationSupportsIndirectInputEvents = YES;
				INFOPLIST_KEY_UILaunchScreen_Generation = YES;
				INFOPLIST_KEY_UISupportedInterfaceOrientations_iPad = "UIInterfaceOrientationPortrait UIInterfaceOrientationPortraitUpsideDown UIInterfaceOrientationLandscapeLeft UIInterfaceOrientationLandscapeRight";
				INFOPLIST_KEY_UISupportedInterfaceOrientations_iPhone = "UIInterfaceOrientationPortrait UIInterfaceOrientationLandscapeLeft UIInterfaceOrientationLandscapeRight";
				LD_RUNPATH_SEARCH_PATHS = (
					"$(inherited)",
					"@executable_path/Frameworks",
				);
				MARKETING_VERSION = 1.0;
				PRODUCT_BUNDLE_IDENTIFIER = "com.ZephyrTechnology.Country-Flag-Game";
				PRODUCT_NAME = "$(TARGET_NAME)";
				SWIFT_EMIT_LOC_STRINGS = YES;
				SWIFT_VERSION = 5.0;
				TARGETED_DEVICE_FAMILY = "1,2";
			};
			name = Release;
		};
/* End XCBuildConfiguration section */

/* Begin XCConfigurationList section */
		A278E6A129778282005C25C5 /* Build configuration list for PBXProject "Country Flag Game" */ = {
			isa = XCConfigurationList;
			buildConfigurations = (
				A278E6B229778283005C25C5 /* Debug */,
				A278E6B329778283005C25C5 /* Release */,
			);
			defaultConfigurationIsVisible = 0;
			defaultConfigurationName = Release;
		};
		A278E6B429778283005C25C5 /* Build configuration list for PBXNativeTarget "Country Flag Game" */ = {
			isa = XCConfigurationList;
			buildConfigurations = (
				A278E6B529778283005C25C5 /* Debug */,
				A278E6B629778283005C25C5 /* Release */,
			);
			defaultConfigurationIsVisible = 0;
			defaultConfigurationName = Release;
		};
/* End XCConfigurationList section */
	};
	rootObject = A278E69E29778282005C25C5 /* Project object */;
}
